
Microsoft Visual Studio Solution File, Format Version 12.00
# Visual Studio Version 17
VisualStudioVersion = 17.9.34728.123
MinimumVisualStudioVersion = 10.0.40219.1
Project("{9A19103F-16F7-4668-BE54-9A1E7A4F7556}") = "WebApi", "WebApi\WebApi.csproj", "{265B80E7-F8FF-462E-A379-B29033078E2F}"
EndProject
Project("{9A19103F-16F7-4668-BE54-9A1E7A4F7556}") = "WebApiTests", "WebApiTests\WebApiTests.csproj", "{E1974997-B341-43D5-B34A-A11A5C783122}"
EndProject
Project("{9A19103F-16F7-4668-BE54-9A1E7A4F7556}") = "ClassLibraryApplication", "ClassLibraryApplication\ClassLibraryApplication.csproj", "{86193540-1F8B-4DFD-B7BF-B0C45FC5FF0E}"
EndProject
Project("{2150E333-8FDC-42A3-9474-1A3956D46DE8}") = "SQLServer", "SQLServer", "{B55BBF39-951B-407D-B27A-9E0CB93C76C0}"
	ProjectSection(SolutionItems) = preProject
		MSSQL.sql = MSSQL.sql
	EndProjectSection
EndProject
Global
	GlobalSection(SolutionConfigurationPlatforms) = preSolution
		Debug|Any CPU = Debug|Any CPU
		Release|Any CPU = Release|Any CPU
	EndGlobalSection
	GlobalSection(ProjectConfigurationPlatforms) = postSolution
		{265B80E7-F8FF-462E-A379-B29033078E2F}.Debug|Any CPU.ActiveCfg = Debug|Any CPU
		{265B80E7-F8FF-462E-A379-B29033078E2F}.Debug|Any CPU.Build.0 = Debug|Any CPU
		{265B80E7-F8FF-462E-A379-B29033078E2F}.Release|Any CPU.ActiveCfg = Release|Any CPU
		{265B80E7-F8FF-462E-A379-B29033078E2F}.Release|Any CPU.Build.0 = Release|Any CPU
		{E1974997-B341-43D5-B34A-A11A5C783122}.Debug|Any CPU.ActiveCfg = Debug|Any CPU
		{E1974997-B341-43D5-B34A-A11A5C783122}.Debug|Any CPU.Build.0 = Debug|Any CPU
		{E1974997-B341-43D5-B34A-A11A5C783122}.Release|Any CPU.ActiveCfg = Release|Any CPU
		{E1974997-B341-43D5-B34A-A11A5C783122}.Release|Any CPU.Build.0 = Release|Any CPU
		{86193540-1F8B-4DFD-B7BF-B0C45FC5FF0E}.Debug|Any CPU.ActiveCfg = Debug|Any CPU
		{86193540-1F8B-4DFD-B7BF-B0C45FC5FF0E}.Debug|Any CPU.Build.0 = Debug|Any CPU
		{86193540-1F8B-4DFD-B7BF-B0C45FC5FF0E}.Release|Any CPU.ActiveCfg = Release|Any CPU
		{86193540-1F8B-4DFD-B7BF-B0C45FC5FF0E}.Release|Any CPU.Build.0 = Release|Any CPU
	EndGlobalSection
	GlobalSection(SolutionProperties) = preSolution
		HideSolutionNode = FALSE
	EndGlobalSection
	GlobalSection(ExtensibilityGlobals) = postSolution
		SolutionGuid = {3DA55E0A-E6A1-4307-A220-4EC169D84F26}
	EndGlobalSection
EndGlobal
